
Microsoft Visual Studio Solution File, Format Version 12.00
# Visual Studio Version 17
VisualStudioVersion = 17.1.32407.343
MinimumVisualStudioVersion = 10.0.40219.1
Project("{9A19103F-16F7-4668-BE54-9A1E7A4F7556}") = "dvopapi-Mracnova", "TodoApi\dvopapi-Mracnova.csproj", "{87BB84F2-F0E7-4088-B7F3-CA053DE090BE}"
EndProject
Global
	GlobalSection(SolutionConfigurationPlatforms) = preSolution
		Debug|Any CPU = Debug|Any CPU
		Release|Any CPU = Release|Any CPU
	EndGlobalSection
	GlobalSection(ProjectConfigurationPlatforms) = postSolution
		{87BB84F2-F0E7-4088-B7F3-CA053DE090BE}.Debug|Any CPU.ActiveCfg = Debug|Any CPU
		{87BB84F2-F0E7-4088-B7F3-CA053DE090BE}.Debug|Any CPU.Build.0 = Debug|Any CPU
		{87BB84F2-F0E7-4088-B7F3-CA053DE090BE}.Release|Any CPU.ActiveCfg = Release|Any CPU
		{87BB84F2-F0E7-4088-B7F3-CA053DE090BE}.Release|Any CPU.Build.0 = Release|Any CPU
	EndGlobalSection
	GlobalSection(SolutionProperties) = preSolution
		HideSolutionNode = FALSE
	EndGlobalSection
	GlobalSection(ExtensibilityGlobals) = postSolution
		SolutionGuid = {32F6DFB3-9B85-4D89-BF56-4A6B6FD64235}
	EndGlobalSection
EndGlobal
